// !$*UTF8*$!
{
	archiveVersion = 1;
	classes = {
	};
	objectVersion = 46;
	objects = {

/* Begin PBXBuildFile section */
		4FFC117113E5A0BA00EBF4D1 /* UIKit.framework in Frameworks */ = {isa = PBXBuildFile; fileRef = 4FFC117013E5A0BA00EBF4D1 /* UIKit.framework */; };
		4FFC117313E5A0BA00EBF4D1 /* Foundation.framework in Frameworks */ = {isa = PBXBuildFile; fileRef = 4FFC117213E5A0BA00EBF4D1 /* Foundation.framework */; };
		4FFC117513E5A0BA00EBF4D1 /* CoreGraphics.framework in Frameworks */ = {isa = PBXBuildFile; fileRef = 4FFC117413E5A0BA00EBF4D1 /* CoreGraphics.framework */; };
		4FFC117B13E5A0BA00EBF4D1 /* InfoPlist.strings in Resources */ = {isa = PBXBuildFile; fileRef = 4FFC117913E5A0BA00EBF4D1 /* InfoPlist.strings */; };
		4FFC117E13E5A0BA00EBF4D1 /* main.m in Sources */ = {isa = PBXBuildFile; fileRef = 4FFC117D13E5A0BA00EBF4D1 /* main.m */; };
		4FFC118113E5A0BA00EBF4D1 /* protectedplanet_liteAppDelegate.m in Sources */ = {isa = PBXBuildFile; fileRef = 4FFC118013E5A0BA00EBF4D1 /* protectedplanet_liteAppDelegate.m */; };
		4FFC118413E5A0BA00EBF4D1 /* MainWindow.xib in Resources */ = {isa = PBXBuildFile; fileRef = 4FFC118213E5A0BA00EBF4D1 /* MainWindow.xib */; };
		4FFC118713E5A0BB00EBF4D1 /* RootViewController.m in Sources */ = {isa = PBXBuildFile; fileRef = 4FFC118613E5A0BB00EBF4D1 /* RootViewController.m */; };
		4FFC118A13E5A0BB00EBF4D1 /* RootViewController.xib in Resources */ = {isa = PBXBuildFile; fileRef = 4FFC118813E5A0BB00EBF4D1 /* RootViewController.xib */; };
		4FFC119213E5A13000EBF4D1 /* protectedareaData.m in Sources */ = {isa = PBXBuildFile; fileRef = 4FFC119113E5A13000EBF4D1 /* protectedareaData.m */; };
		4FFC11AD13E5A36300EBF4D1 /* NSObject+SBJson.m in Sources */ = {isa = PBXBuildFile; fileRef = 4FFC119513E5A36300EBF4D1 /* NSObject+SBJson.m */; };
		4FFC11AE13E5A36300EBF4D1 /* SBJsonParser.m in Sources */ = {isa = PBXBuildFile; fileRef = 4FFC119813E5A36300EBF4D1 /* SBJsonParser.m */; };
		4FFC11AF13E5A36300EBF4D1 /* SBJsonStreamParser.m in Sources */ = {isa = PBXBuildFile; fileRef = 4FFC119A13E5A36300EBF4D1 /* SBJsonStreamParser.m */; };
		4FFC11B013E5A36300EBF4D1 /* SBJsonStreamParserAccumulator.m in Sources */ = {isa = PBXBuildFile; fileRef = 4FFC119C13E5A36300EBF4D1 /* SBJsonStreamParserAccumulator.m */; };
		4FFC11B113E5A36300EBF4D1 /* SBJsonStreamParserAdapter.m in Sources */ = {isa = PBXBuildFile; fileRef = 4FFC119E13E5A36300EBF4D1 /* SBJsonStreamParserAdapter.m */; };
		4FFC11B213E5A36300EBF4D1 /* SBJsonStreamParserState.m in Sources */ = {isa = PBXBuildFile; fileRef = 4FFC11A013E5A36300EBF4D1 /* SBJsonStreamParserState.m */; };
		4FFC11B313E5A36300EBF4D1 /* SBJsonStreamWriter.m in Sources */ = {isa = PBXBuildFile; fileRef = 4FFC11A213E5A36300EBF4D1 /* SBJsonStreamWriter.m */; };
		4FFC11B413E5A36300EBF4D1 /* SBJsonStreamWriterAccumulator.m in Sources */ = {isa = PBXBuildFile; fileRef = 4FFC11A413E5A36300EBF4D1 /* SBJsonStreamWriterAccumulator.m */; };
		4FFC11B513E5A36300EBF4D1 /* SBJsonStreamWriterState.m in Sources */ = {isa = PBXBuildFile; fileRef = 4FFC11A613E5A36300EBF4D1 /* SBJsonStreamWriterState.m */; };
		4FFC11B613E5A36300EBF4D1 /* SBJsonTokeniser.m in Sources */ = {isa = PBXBuildFile; fileRef = 4FFC11A813E5A36300EBF4D1 /* SBJsonTokeniser.m */; };
		4FFC11B713E5A36300EBF4D1 /* SBJsonUTF8Stream.m in Sources */ = {isa = PBXBuildFile; fileRef = 4FFC11AA13E5A36300EBF4D1 /* SBJsonUTF8Stream.m */; };
		4FFC11B813E5A36300EBF4D1 /* SBJsonWriter.m in Sources */ = {isa = PBXBuildFile; fileRef = 4FFC11AC13E5A36300EBF4D1 /* SBJsonWriter.m */; };
		4FFC11BA13E5A86A00EBF4D1 /* pa1.jpg in Resources */ = {isa = PBXBuildFile; fileRef = 4FFC11B913E5A86A00EBF4D1 /* pa1.jpg */; };
/* End PBXBuildFile section */

/* Begin PBXFileReference section */
		4FFC116C13E5A0BA00EBF4D1 /* protectedplanet-lite.app */ = {isa = PBXFileReference; explicitFileType = wrapper.application; includeInIndex = 0; path = "protectedplanet-lite.app"; sourceTree = BUILT_PRODUCTS_DIR; };
		4FFC117013E5A0BA00EBF4D1 /* UIKit.framework */ = {isa = PBXFileReference; lastKnownFileType = wrapper.framework; name = UIKit.framework; path = System/Library/Frameworks/UIKit.framework; sourceTree = SDKROOT; };
		4FFC117213E5A0BA00EBF4D1 /* Foundation.framework */ = {isa = PBXFileReference; lastKnownFileType = wrapper.framework; name = Foundation.framework; path = System/Library/Frameworks/Foundation.framework; sourceTree = SDKROOT; };
		4FFC117413E5A0BA00EBF4D1 /* CoreGraphics.framework */ = {isa = PBXFileReference; lastKnownFileType = wrapper.framework; name = CoreGraphics.framework; path = System/Library/Frameworks/CoreGraphics.framework; sourceTree = SDKROOT; };
		4FFC117813E5A0BA00EBF4D1 /* protectedplanet-lite-Info.plist */ = {isa = PBXFileReference; lastKnownFileType = text.plist.xml; path = "protectedplanet-lite-Info.plist"; sourceTree = "<group>"; };
		4FFC117A13E5A0BA00EBF4D1 /* en */ = {isa = PBXFileReference; lastKnownFileType = text.plist.strings; name = en; path = en.lproj/InfoPlist.strings; sourceTree = "<group>"; };
		4FFC117C13E5A0BA00EBF4D1 /* protectedplanet-lite-Prefix.pch */ = {isa = PBXFileReference; lastKnownFileType = sourcecode.c.h; path = "protectedplanet-lite-Prefix.pch"; sourceTree = "<group>"; };
		4FFC117D13E5A0BA00EBF4D1 /* main.m */ = {isa = PBXFileReference; lastKnownFileType = sourcecode.c.objc; path = main.m; sourceTree = "<group>"; };
		4FFC117F13E5A0BA00EBF4D1 /* protectedplanet_liteAppDelegate.h */ = {isa = PBXFileReference; lastKnownFileType = sourcecode.c.h; path = protectedplanet_liteAppDelegate.h; sourceTree = "<group>"; };
		4FFC118013E5A0BA00EBF4D1 /* protectedplanet_liteAppDelegate.m */ = {isa = PBXFileReference; lastKnownFileType = sourcecode.c.objc; path = protectedplanet_liteAppDelegate.m; sourceTree = "<group>"; };
		4FFC118313E5A0BA00EBF4D1 /* en */ = {isa = PBXFileReference; lastKnownFileType = file.xib; name = en; path = en.lproj/MainWindow.xib; sourceTree = "<group>"; };
		4FFC118513E5A0BB00EBF4D1 /* RootViewController.h */ = {isa = PBXFileReference; lastKnownFileType = sourcecode.c.h; path = RootViewController.h; sourceTree = "<group>"; };
		4FFC118613E5A0BB00EBF4D1 /* RootViewController.m */ = {isa = PBXFileReference; lastKnownFileType = sourcecode.c.objc; path = RootViewController.m; sourceTree = "<group>"; };
		4FFC118913E5A0BB00EBF4D1 /* en */ = {isa = PBXFileReference; lastKnownFileType = file.xib; name = en; path = en.lproj/RootViewController.xib; sourceTree = "<group>"; };
		4FFC119013E5A13000EBF4D1 /* protectedareaData.h */ = {isa = PBXFileReference; fileEncoding = 4; lastKnownFileType = sourcecode.c.h; path = protectedareaData.h; sourceTree = "<group>"; };
		4FFC119113E5A13000EBF4D1 /* protectedareaData.m */ = {isa = PBXFileReference; fileEncoding = 4; lastKnownFileType = sourcecode.c.objc; path = protectedareaData.m; sourceTree = "<group>"; };
		4FFC119413E5A36300EBF4D1 /* NSObject+SBJson.h */ = {isa = PBXFileReference; fileEncoding = 4; lastKnownFileType = sourcecode.c.h; name = "NSObject+SBJson.h"; path = "../protectedplanet/protectedplanet/NSObject+SBJson.h"; sourceTree = "<group>"; };
		4FFC119513E5A36300EBF4D1 /* NSObject+SBJson.m */ = {isa = PBXFileReference; fileEncoding = 4; lastKnownFileType = sourcecode.c.objc; name = "NSObject+SBJson.m"; path = "../protectedplanet/protectedplanet/NSObject+SBJson.m"; sourceTree = "<group>"; };
		4FFC119613E5A36300EBF4D1 /* SBJson.h */ = {isa = PBXFileReference; fileEncoding = 4; lastKnownFileType = sourcecode.c.h; name = SBJson.h; path = ../protectedplanet/protectedplanet/SBJson.h; sourceTree = "<group>"; };
		4FFC119713E5A36300EBF4D1 /* SBJsonParser.h */ = {isa = PBXFileReference; fileEncoding = 4; lastKnownFileType = sourcecode.c.h; name = SBJsonParser.h; path = ../protectedplanet/protectedplanet/SBJsonParser.h; sourceTree = "<group>"; };
		4FFC119813E5A36300EBF4D1 /* SBJsonParser.m */ = {isa = PBXFileReference; fileEncoding = 4; lastKnownFileType = sourcecode.c.objc; name = SBJsonParser.m; path = ../protectedplanet/protectedplanet/SBJsonParser.m; sourceTree = "<group>"; };
		4FFC119913E5A36300EBF4D1 /* SBJsonStreamParser.h */ = {isa = PBXFileReference; fileEncoding = 4; lastKnownFileType = sourcecode.c.h; name = SBJsonStreamParser.h; path = ../protectedplanet/protectedplanet/SBJsonStreamParser.h; sourceTree = "<group>"; };
		4FFC119A13E5A36300EBF4D1 /* SBJsonStreamParser.m */ = {isa = PBXFileReference; fileEncoding = 4; lastKnownFileType = sourcecode.c.objc; name = SBJsonStreamParser.m; path = ../protectedplanet/protectedplanet/SBJsonStreamParser.m; sourceTree = "<group>"; };
		4FFC119B13E5A36300EBF4D1 /* SBJsonStreamParserAccumulator.h */ = {isa = PBXFileReference; fileEncoding = 4; lastKnownFileType = sourcecode.c.h; name = SBJsonStreamParserAccumulator.h; path = ../protectedplanet/protectedplanet/SBJsonStreamParserAccumulator.h; sourceTree = "<group>"; };
		4FFC119C13E5A36300EBF4D1 /* SBJsonStreamParserAccumulator.m */ = {isa = PBXFileReference; fileEncoding = 4; lastKnownFileType = sourcecode.c.objc; name = SBJsonStreamParserAccumulator.m; path = ../protectedplanet/protectedplanet/SBJsonStreamParserAccumulator.m; sourceTree = "<group>"; };
		4FFC119D13E5A36300EBF4D1 /* SBJsonStreamParserAdapter.h */ = {isa = PBXFileReference; fileEncoding = 4; lastKnownFileType = sourcecode.c.h; name = SBJsonStreamParserAdapter.h; path = ../protectedplanet/protectedplanet/SBJsonStreamParserAdapter.h; sourceTree = "<group>"; };
		4FFC119E13E5A36300EBF4D1 /* SBJsonStreamParserAdapter.m */ = {isa = PBXFileReference; fileEncoding = 4; lastKnownFileType = sourcecode.c.objc; name = SBJsonStreamParserAdapter.m; path = ../protectedplanet/protectedplanet/SBJsonStreamParserAdapter.m; sourceTree = "<group>"; };
		4FFC119F13E5A36300EBF4D1 /* SBJsonStreamParserState.h */ = {isa = PBXFileReference; fileEncoding = 4; lastKnownFileType = sourcecode.c.h; name = SBJsonStreamParserState.h; path = ../protectedplanet/protectedplanet/SBJsonStreamParserState.h; sourceTree = "<group>"; };
		4FFC11A013E5A36300EBF4D1 /* SBJsonStreamParserState.m */ = {isa = PBXFileReference; fileEncoding = 4; lastKnownFileType = sourcecode.c.objc; name = SBJsonStreamParserState.m; path = ../protectedplanet/protectedplanet/SBJsonStreamParserState.m; sourceTree = "<group>"; };
		4FFC11A113E5A36300EBF4D1 /* SBJsonStreamWriter.h */ = {isa = PBXFileReference; fileEncoding = 4; lastKnownFileType = sourcecode.c.h; name = SBJsonStreamWriter.h; path = ../protectedplanet/protectedplanet/SBJsonStreamWriter.h; sourceTree = "<group>"; };
		4FFC11A213E5A36300EBF4D1 /* SBJsonStreamWriter.m */ = {isa = PBXFileReference; fileEncoding = 4; lastKnownFileType = sourcecode.c.objc; name = SBJsonStreamWriter.m; path = ../protectedplanet/protectedplanet/SBJsonStreamWriter.m; sourceTree = "<group>"; };
		4FFC11A313E5A36300EBF4D1 /* SBJsonStreamWriterAccumulator.h */ = {isa = PBXFileReference; fileEncoding = 4; lastKnownFileType = sourcecode.c.h; name = SBJsonStreamWriterAccumulator.h; path = ../protectedplanet/protectedplanet/SBJsonStreamWriterAccumulator.h; sourceTree = "<group>"; };
		4FFC11A413E5A36300EBF4D1 /* SBJsonStreamWriterAccumulator.m */ = {isa = PBXFileReference; fileEncoding = 4; lastKnownFileType = sourcecode.c.objc; name = SBJsonStreamWriterAccumulator.m; path = ../protectedplanet/protectedplanet/SBJsonStreamWriterAccumulator.m; sourceTree = "<group>"; };
		4FFC11A513E5A36300EBF4D1 /* SBJsonStreamWriterState.h */ = {isa = PBXFileReference; fileEncoding = 4; lastKnownFileType = sourcecode.c.h; name = SBJsonStreamWriterState.h; path = ../protectedplanet/protectedplanet/SBJsonStreamWriterState.h; sourceTree = "<group>"; };
		4FFC11A613E5A36300EBF4D1 /* SBJsonStreamWriterState.m */ = {isa = PBXFileReference; fileEncoding = 4; lastKnownFileType = sourcecode.c.objc; name = SBJsonStreamWriterState.m; path = ../protectedplanet/protectedplanet/SBJsonStreamWriterState.m; sourceTree = "<group>"; };
		4FFC11A713E5A36300EBF4D1 /* SBJsonTokeniser.h */ = {isa = PBXFileReference; fileEncoding = 4; lastKnownFileType = sourcecode.c.h; name = SBJsonTokeniser.h; path = ../protectedplanet/protectedplanet/SBJsonTokeniser.h; sourceTree = "<group>"; };
		4FFC11A813E5A36300EBF4D1 /* SBJsonTokeniser.m */ = {isa = PBXFileReference; fileEncoding = 4; lastKnownFileType = sourcecode.c.objc; name = SBJsonTokeniser.m; path = ../protectedplanet/protectedplanet/SBJsonTokeniser.m; sourceTree = "<group>"; };
		4FFC11A913E5A36300EBF4D1 /* SBJsonUTF8Stream.h */ = {isa = PBXFileReference; fileEncoding = 4; lastKnownFileType = sourcecode.c.h; name = SBJsonUTF8Stream.h; path = ../protectedplanet/protectedplanet/SBJsonUTF8Stream.h; sourceTree = "<group>"; };
		4FFC11AA13E5A36300EBF4D1 /* SBJsonUTF8Stream.m */ = {isa = PBXFileReference; fileEncoding = 4; lastKnownFileType = sourcecode.c.objc; name = SBJsonUTF8Stream.m; path = ../protectedplanet/protectedplanet/SBJsonUTF8Stream.m; sourceTree = "<group>"; };
		4FFC11AB13E5A36300EBF4D1 /* SBJsonWriter.h */ = {isa = PBXFileReference; fileEncoding = 4; lastKnownFileType = sourcecode.c.h; name = SBJsonWriter.h; path = ../protectedplanet/protectedplanet/SBJsonWriter.h; sourceTree = "<group>"; };
		4FFC11AC13E5A36300EBF4D1 /* SBJsonWriter.m */ = {isa = PBXFileReference; fileEncoding = 4; lastKnownFileType = sourcecode.c.objc; name = SBJsonWriter.m; path = ../protectedplanet/protectedplanet/SBJsonWriter.m; sourceTree = "<group>"; };
		4FFC11B913E5A86A00EBF4D1 /* pa1.jpg */ = {isa = PBXFileReference; lastKnownFileType = image.jpeg; name = pa1.jpg; path = ../../protectedplanet/protectedplanet/pa1.jpg; sourceTree = "<group>"; };
/* End PBXFileReference section */

/* Begin PBXFrameworksBuildPhase section */
		4FFC116913E5A0BA00EBF4D1 /* Frameworks */ = {
			isa = PBXFrameworksBuildPhase;
			buildActionMask = 2147483647;
			files = (
				4FFC117113E5A0BA00EBF4D1 /* UIKit.framework in Frameworks */,
				4FFC117313E5A0BA00EBF4D1 /* Foundation.framework in Frameworks */,
				4FFC117513E5A0BA00EBF4D1 /* CoreGraphics.framework in Frameworks */,
			);
			runOnlyForDeploymentPostprocessing = 0;
		};
/* End PBXFrameworksBuildPhase section */

/* Begin PBXGroup section */
		4FFC116113E5A0BA00EBF4D1 = {
			isa = PBXGroup;
			children = (
				4FFC119313E5A33B00EBF4D1 /* Classes */,
				4FFC117613E5A0BA00EBF4D1 /* protectedplanet-lite */,
				4FFC116F13E5A0BA00EBF4D1 /* Frameworks */,
				4FFC116D13E5A0BA00EBF4D1 /* Products */,
			);
			sourceTree = "<group>";
		};
		4FFC116D13E5A0BA00EBF4D1 /* Products */ = {
			isa = PBXGroup;
			children = (
				4FFC116C13E5A0BA00EBF4D1 /* protectedplanet-lite.app */,
			);
			name = Products;
			sourceTree = "<group>";
		};
		4FFC116F13E5A0BA00EBF4D1 /* Frameworks */ = {
			isa = PBXGroup;
			children = (
				4FFC117013E5A0BA00EBF4D1 /* UIKit.framework */,
				4FFC117213E5A0BA00EBF4D1 /* Foundation.framework */,
				4FFC117413E5A0BA00EBF4D1 /* CoreGraphics.framework */,
			);
			name = Frameworks;
			sourceTree = "<group>";
		};
		4FFC117613E5A0BA00EBF4D1 /* protectedplanet-lite */ = {
			isa = PBXGroup;
			children = (
				4FFC119013E5A13000EBF4D1 /* protectedareaData.h */,
				4FFC119113E5A13000EBF4D1 /* protectedareaData.m */,
				4FFC117F13E5A0BA00EBF4D1 /* protectedplanet_liteAppDelegate.h */,
				4FFC118013E5A0BA00EBF4D1 /* protectedplanet_liteAppDelegate.m */,
				4FFC118213E5A0BA00EBF4D1 /* MainWindow.xib */,
				4FFC118513E5A0BB00EBF4D1 /* RootViewController.h */,
				4FFC118613E5A0BB00EBF4D1 /* RootViewController.m */,
				4FFC118813E5A0BB00EBF4D1 /* RootViewController.xib */,
				4FFC117713E5A0BA00EBF4D1 /* Supporting Files */,
			);
			path = "protectedplanet-lite";
			sourceTree = "<group>";
		};
		4FFC117713E5A0BA00EBF4D1 /* Supporting Files */ = {
			isa = PBXGroup;
			children = (
				4FFC11B913E5A86A00EBF4D1 /* pa1.jpg */,
				4FFC117813E5A0BA00EBF4D1 /* protectedplanet-lite-Info.plist */,
				4FFC117913E5A0BA00EBF4D1 /* InfoPlist.strings */,
				4FFC117C13E5A0BA00EBF4D1 /* protectedplanet-lite-Prefix.pch */,
				4FFC117D13E5A0BA00EBF4D1 /* main.m */,
			);
			name = "Supporting Files";
			sourceTree = "<group>";
		};
		4FFC119313E5A33B00EBF4D1 /* Classes */ = {
			isa = PBXGroup;
			children = (
				4FFC119413E5A36300EBF4D1 /* NSObject+SBJson.h */,
				4FFC119513E5A36300EBF4D1 /* NSObject+SBJson.m */,
				4FFC119613E5A36300EBF4D1 /* SBJson.h */,
				4FFC119713E5A36300EBF4D1 /* SBJsonParser.h */,
				4FFC119813E5A36300EBF4D1 /* SBJsonParser.m */,
				4FFC119913E5A36300EBF4D1 /* SBJsonStreamParser.h */,
				4FFC119A13E5A36300EBF4D1 /* SBJsonStreamParser.m */,
				4FFC119B13E5A36300EBF4D1 /* SBJsonStreamParserAccumulator.h */,
				4FFC119C13E5A36300EBF4D1 /* SBJsonStreamParserAccumulator.m */,
				4FFC119D13E5A36300EBF4D1 /* SBJsonStreamParserAdapter.h */,
				4FFC119E13E5A36300EBF4D1 /* SBJsonStreamParserAdapter.m */,
				4FFC119F13E5A36300EBF4D1 /* SBJsonStreamParserState.h */,
				4FFC11A013E5A36300EBF4D1 /* SBJsonStreamParserState.m */,
				4FFC11A113E5A36300EBF4D1 /* SBJsonStreamWriter.h */,
				4FFC11A213E5A36300EBF4D1 /* SBJsonStreamWriter.m */,
				4FFC11A313E5A36300EBF4D1 /* SBJsonStreamWriterAccumulator.h */,
				4FFC11A413E5A36300EBF4D1 /* SBJsonStreamWriterAccumulator.m */,
				4FFC11A513E5A36300EBF4D1 /* SBJsonStreamWriterState.h */,
				4FFC11A613E5A36300EBF4D1 /* SBJsonStreamWriterState.m */,
				4FFC11A713E5A36300EBF4D1 /* SBJsonTokeniser.h */,
				4FFC11A813E5A36300EBF4D1 /* SBJsonTokeniser.m */,
				4FFC11A913E5A36300EBF4D1 /* SBJsonUTF8Stream.h */,
				4FFC11AA13E5A36300EBF4D1 /* SBJsonUTF8Stream.m */,
				4FFC11AB13E5A36300EBF4D1 /* SBJsonWriter.h */,
				4FFC11AC13E5A36300EBF4D1 /* SBJsonWriter.m */,
			);
			name = Classes;
			sourceTree = "<group>";
		};
/* End PBXGroup section */

/* Begin PBXNativeTarget section */
		4FFC116B13E5A0BA00EBF4D1 /* protectedplanet-lite */ = {
			isa = PBXNativeTarget;
			buildConfigurationList = 4FFC118D13E5A0BB00EBF4D1 /* Build configuration list for PBXNativeTarget "protectedplanet-lite" */;
			buildPhases = (
				4FFC116813E5A0BA00EBF4D1 /* Sources */,
				4FFC116913E5A0BA00EBF4D1 /* Frameworks */,
				4FFC116A13E5A0BA00EBF4D1 /* Resources */,
			);
			buildRules = (
			);
			dependencies = (
			);
			name = "protectedplanet-lite";
			productName = "protectedplanet-lite";
			productReference = 4FFC116C13E5A0BA00EBF4D1 /* protectedplanet-lite.app */;
			productType = "com.apple.product-type.application";
		};
/* End PBXNativeTarget section */

/* Begin PBXProject section */
		4FFC116313E5A0BA00EBF4D1 /* Project object */ = {
			isa = PBXProject;
			attributes = {
				ORGANIZATIONNAME = "UNEP-WCMC";
			};
			buildConfigurationList = 4FFC116613E5A0BA00EBF4D1 /* Build configuration list for PBXProject "protectedplanet-lite" */;
			compatibilityVersion = "Xcode 3.2";
			developmentRegion = English;
			hasScannedForEncodings = 0;
			knownRegions = (
				en,
			);
			mainGroup = 4FFC116113E5A0BA00EBF4D1;
			productRefGroup = 4FFC116D13E5A0BA00EBF4D1 /* Products */;
			projectDirPath = "";
			projectRoot = "";
			targets = (
				4FFC116B13E5A0BA00EBF4D1 /* protectedplanet-lite */,
			);
		};
/* End PBXProject section */

/* Begin PBXResourcesBuildPhase section */
		4FFC116A13E5A0BA00EBF4D1 /* Resources */ = {
			isa = PBXResourcesBuildPhase;
			buildActionMask = 2147483647;
			files = (
				4FFC117B13E5A0BA00EBF4D1 /* InfoPlist.strings in Resources */,
				4FFC118413E5A0BA00EBF4D1 /* MainWindow.xib in Resources */,
				4FFC118A13E5A0BB00EBF4D1 /* RootViewController.xib in Resources */,
				4FFC11BA13E5A86A00EBF4D1 /* pa1.jpg in Resources */,
			);
			runOnlyForDeploymentPostprocessing = 0;
		};
/* End PBXResourcesBuildPhase section */

/* Begin PBXSourcesBuildPhase section */
		4FFC116813E5A0BA00EBF4D1 /* Sources */ = {
			isa = PBXSourcesBuildPhase;
			buildActionMask = 2147483647;
			files = (
				4FFC117E13E5A0BA00EBF4D1 /* main.m in Sources */,
				4FFC118113E5A0BA00EBF4D1 /* protectedplanet_liteAppDelegate.m in Sources */,
				4FFC118713E5A0BB00EBF4D1 /* RootViewController.m in Sources */,
				4FFC119213E5A13000EBF4D1 /* protectedareaData.m in Sources */,
				4FFC11AD13E5A36300EBF4D1 /* NSObject+SBJson.m in Sources */,
				4FFC11AE13E5A36300EBF4D1 /* SBJsonParser.m in Sources */,
				4FFC11AF13E5A36300EBF4D1 /* SBJsonStreamParser.m in Sources */,
				4FFC11B013E5A36300EBF4D1 /* SBJsonStreamParserAccumulator.m in Sources */,
				4FFC11B113E5A36300EBF4D1 /* SBJsonStreamParserAdapter.m in Sources */,
				4FFC11B213E5A36300EBF4D1 /* SBJsonStreamParserState.m in Sources */,
				4FFC11B313E5A36300EBF4D1 /* SBJsonStreamWriter.m in Sources */,
				4FFC11B413E5A36300EBF4D1 /* SBJsonStreamWriterAccumulator.m in Sources */,
				4FFC11B513E5A36300EBF4D1 /* SBJsonStreamWriterState.m in Sources */,
				4FFC11B613E5A36300EBF4D1 /* SBJsonTokeniser.m in Sources */,
				4FFC11B713E5A36300EBF4D1 /* SBJsonUTF8Stream.m in Sources */,
				4FFC11B813E5A36300EBF4D1 /* SBJsonWriter.m in Sources */,
			);
			runOnlyForDeploymentPostprocessing = 0;
		};
/* End PBXSourcesBuildPhase section */

/* Begin PBXVariantGroup section */
		4FFC117913E5A0BA00EBF4D1 /* InfoPlist.strings */ = {
			isa = PBXVariantGroup;
			children = (
				4FFC117A13E5A0BA00EBF4D1 /* en */,
			);
			name = InfoPlist.strings;
			sourceTree = "<group>";
		};
		4FFC118213E5A0BA00EBF4D1 /* MainWindow.xib */ = {
			isa = PBXVariantGroup;
			children = (
				4FFC118313E5A0BA00EBF4D1 /* en */,
			);
			name = MainWindow.xib;
			sourceTree = "<group>";
		};
		4FFC118813E5A0BB00EBF4D1 /* RootViewController.xib */ = {
			isa = PBXVariantGroup;
			children = (
				4FFC118913E5A0BB00EBF4D1 /* en */,
			);
			name = RootViewController.xib;
			sourceTree = "<group>";
		};
/* End PBXVariantGroup section */

/* Begin XCBuildConfiguration section */
		4FFC118B13E5A0BB00EBF4D1 /* Debug */ = {
			isa = XCBuildConfiguration;
			buildSettings = {
				ARCHS = "$(ARCHS_STANDARD_32_BIT)";
				"CODE_SIGN_IDENTITY[sdk=iphoneos*]" = "iPhone Developer";
				GCC_C_LANGUAGE_STANDARD = gnu99;
				GCC_OPTIMIZATION_LEVEL = 0;
				GCC_PREPROCESSOR_DEFINITIONS = DEBUG;
				GCC_SYMBOLS_PRIVATE_EXTERN = NO;
				GCC_VERSION = com.apple.compilers.llvmgcc42;
				GCC_WARN_ABOUT_RETURN_TYPE = YES;
				GCC_WARN_UNUSED_VARIABLE = YES;
				IPHONEOS_DEPLOYMENT_TARGET = 4.3;
				SDKROOT = iphoneos;
			};
			name = Debug;
		};
		4FFC118C13E5A0BB00EBF4D1 /* Release */ = {
			isa = XCBuildConfiguration;
			buildSettings = {
				ARCHS = "$(ARCHS_STANDARD_32_BIT)";
				"CODE_SIGN_IDENTITY[sdk=iphoneos*]" = "iPhone Developer";
				GCC_C_LANGUAGE_STANDARD = gnu99;
				GCC_VERSION = com.apple.compilers.llvmgcc42;
				GCC_WARN_ABOUT_RETURN_TYPE = YES;
				GCC_WARN_UNUSED_VARIABLE = YES;
				IPHONEOS_DEPLOYMENT_TARGET = 4.3;
				OTHER_CFLAGS = "-DNS_BLOCK_ASSERTIONS=1";
				SDKROOT = iphoneos;
			};
			name = Release;
		};
		4FFC118E13E5A0BB00EBF4D1 /* Debug */ = {
			isa = XCBuildConfiguration;
			buildSettings = {
				ALWAYS_SEARCH_USER_PATHS = NO;
				COPY_PHASE_STRIP = NO;
				GCC_DYNAMIC_NO_PIC = NO;
				GCC_PRECOMPILE_PREFIX_HEADER = YES;
				GCC_PREFIX_HEADER = "protectedplanet-lite/protectedplanet-lite-Prefix.pch";
				INFOPLIST_FILE = "protectedplanet-lite/protectedplanet-lite-Info.plist";
				PRODUCT_NAME = "$(TARGET_NAME)";
				WRAPPER_EXTENSION = app;
			};
			name = Debug;
		};
		4FFC118F13E5A0BB00EBF4D1 /* Release */ = {
			isa = XCBuildConfiguration;
			buildSettings = {
				ALWAYS_SEARCH_USER_PATHS = NO;
				COPY_PHASE_STRIP = YES;
				GCC_PRECOMPILE_PREFIX_HEADER = YES;
				GCC_PREFIX_HEADER = "protectedplanet-lite/protectedplanet-lite-Prefix.pch";
				INFOPLIST_FILE = "protectedplanet-lite/protectedplanet-lite-Info.plist";
				PRODUCT_NAME = "$(TARGET_NAME)";
				VALIDATE_PRODUCT = YES;
				WRAPPER_EXTENSION = app;
			};
			name = Release;
		};
/* End XCBuildConfiguration section */

/* Begin XCConfigurationList section */
		4FFC116613E5A0BA00EBF4D1 /* Build configuration list for PBXProject "protectedplanet-lite" */ = {
			isa = XCConfigurationList;
			buildConfigurations = (
				4FFC118B13E5A0BB00EBF4D1 /* Debug */,
				4FFC118C13E5A0BB00EBF4D1 /* Release */,
			);
			defaultConfigurationIsVisible = 0;
			defaultConfigurationName = Release;
		};
		4FFC118D13E5A0BB00EBF4D1 /* Build configuration list for PBXNativeTarget "protectedplanet-lite" */ = {
			isa = XCConfigurationList;
			buildConfigurations = (
				4FFC118E13E5A0BB00EBF4D1 /* Debug */,
				4FFC118F13E5A0BB00EBF4D1 /* Release */,
			);
			defaultConfigurationIsVisible = 0;
		};
/* End XCConfigurationList section */
	};
	rootObject = 4FFC116313E5A0BA00EBF4D1 /* Project object */;
}
